
Microsoft Visual Studio Solution File, Format Version 12.00
# Visual Studio 2013
VisualStudioVersion = 12.0.31101.0
MinimumVisualStudioVersion = 10.0.40219.1
Project("{FAE04EC0-301F-11D3-BF4B-00C04F79EFBC}") = "HowUseTabbedPage", "HowUseTabbedPage\HowUseTabbedPage\HowUseTabbedPage.csproj", "{136D74F4-E16B-42DC-80CE-155BDCF28A4F}"
EndProject
Project("{FAE04EC0-301F-11D3-BF4B-00C04F79EFBC}") = "HowUseTabbedPage.iOS", "HowUseTabbedPage\HowUseTabbedPage.iOS\HowUseTabbedPage.iOS.csproj", "{4492A8A4-97B6-4480-894A-819234C46DA0}"
EndProject
Project("{FAE04EC0-301F-11D3-BF4B-00C04F79EFBC}") = "HowUseTabbedPage.Droid", "HowUseTabbedPage\HowUseTabbedPage.Droid\HowUseTabbedPage.Droid.csproj", "{34A98A4D-9D1D-47F3-9901-222A3D181A35}"
EndProject
Project("{FAE04EC0-301F-11D3-BF4B-00C04F79EFBC}") = "HowUseTabbedPage.WinPhone", "HowUseTabbedPage\HowUseTabbedPage.WinPhone\HowUseTabbedPage.WinPhone.csproj", "{0069D5CB-D7F7-468A-A051-B15A8B1ECE93}"
EndProject
Global
	GlobalSection(SolutionConfigurationPlatforms) = preSolution
		Ad-Hoc|Any CPU = Ad-Hoc|Any CPU
		Ad-Hoc|ARM = Ad-Hoc|ARM
		Ad-Hoc|iPhone = Ad-Hoc|iPhone
		Ad-Hoc|iPhoneSimulator = Ad-Hoc|iPhoneSimulator
		Ad-Hoc|Mixed Platforms = Ad-Hoc|Mixed Platforms
		Ad-Hoc|x86 = Ad-Hoc|x86
		AppStore|Any CPU = AppStore|Any CPU
		AppStore|ARM = AppStore|ARM
		AppStore|iPhone = AppStore|iPhone
		AppStore|iPhoneSimulator = AppStore|iPhoneSimulator
		AppStore|Mixed Platforms = AppStore|Mixed Platforms
		AppStore|x86 = AppStore|x86
		Debug|Any CPU = Debug|Any CPU
		Debug|ARM = Debug|ARM
		Debug|iPhone = Debug|iPhone
		Debug|iPhoneSimulator = Debug|iPhoneSimulator
		Debug|Mixed Platforms = Debug|Mixed Platforms
		Debug|x86 = Debug|x86
		Release|Any CPU = Release|Any CPU
		Release|ARM = Release|ARM
		Release|iPhone = Release|iPhone
		Release|iPhoneSimulator = Release|iPhoneSimulator
		Release|Mixed Platforms = Release|Mixed Platforms
		Release|x86 = Release|x86
	EndGlobalSection
	GlobalSection(ProjectConfigurationPlatforms) = postSolution
		{136D74F4-E16B-42DC-80CE-155BDCF28A4F}.Ad-Hoc|Any CPU.ActiveCfg = Release|Any CPU
		{136D74F4-E16B-42DC-80CE-155BDCF28A4F}.Ad-Hoc|Any CPU.Build.0 = Release|Any CPU
		{136D74F4-E16B-42DC-80CE-155BDCF28A4F}.Ad-Hoc|ARM.ActiveCfg = Release|Any CPU
		{136D74F4-E16B-42DC-80CE-155BDCF28A4F}.Ad-Hoc|iPhone.ActiveCfg = Release|Any CPU
		{136D74F4-E16B-42DC-80CE-155BDCF28A4F}.Ad-Hoc|iPhoneSimulator.ActiveCfg = Release|Any CPU
		{136D74F4-E16B-42DC-80CE-155BDCF28A4F}.Ad-Hoc|Mixed Platforms.ActiveCfg = Release|Any CPU
		{136D74F4-E16B-42DC-80CE-155BDCF28A4F}.Ad-Hoc|Mixed Platforms.Build.0 = Release|Any CPU
		{136D74F4-E16B-42DC-80CE-155BDCF28A4F}.Ad-Hoc|x86.ActiveCfg = Release|Any CPU
		{136D74F4-E16B-42DC-80CE-155BDCF28A4F}.AppStore|Any CPU.ActiveCfg = Release|Any CPU
		{136D74F4-E16B-42DC-80CE-155BDCF28A4F}.AppStore|Any CPU.Build.0 = Release|Any CPU
		{136D74F4-E16B-42DC-80CE-155BDCF28A4F}.AppStore|ARM.ActiveCfg = Release|Any CPU
		{136D74F4-E16B-42DC-80CE-155BDCF28A4F}.AppStore|iPhone.ActiveCfg = Release|Any CPU
		{136D74F4-E16B-42DC-80CE-155BDCF28A4F}.AppStore|iPhoneSimulator.ActiveCfg = Release|Any CPU
		{136D74F4-E16B-42DC-80CE-155BDCF28A4F}.AppStore|Mixed Platforms.ActiveCfg = Release|Any CPU
		{136D74F4-E16B-42DC-80CE-155BDCF28A4F}.AppStore|Mixed Platforms.Build.0 = Release|Any CPU
		{136D74F4-E16B-42DC-80CE-155BDCF28A4F}.AppStore|x86.ActiveCfg = Release|Any CPU
		{136D74F4-E16B-42DC-80CE-155BDCF28A4F}.Debug|Any CPU.ActiveCfg = Debug|Any CPU
		{136D74F4-E16B-42DC-80CE-155BDCF28A4F}.Debug|Any CPU.Build.0 = Debug|Any CPU
		{136D74F4-E16B-42DC-80CE-155BDCF28A4F}.Debug|ARM.ActiveCfg = Debug|Any CPU
		{136D74F4-E16B-42DC-80CE-155BDCF28A4F}.Debug|iPhone.ActiveCfg = Debug|Any CPU
		{136D74F4-E16B-42DC-80CE-155BDCF28A4F}.Debug|iPhoneSimulator.ActiveCfg = Debug|Any CPU
		{136D74F4-E16B-42DC-80CE-155BDCF28A4F}.Debug|Mixed Platforms.ActiveCfg = Debug|Any CPU
		{136D74F4-E16B-42DC-80CE-155BDCF28A4F}.Debug|Mixed Platforms.Build.0 = Debug|Any CPU
		{136D74F4-E16B-42DC-80CE-155BDCF28A4F}.Debug|x86.ActiveCfg = Debug|Any CPU
		{136D74F4-E16B-42DC-80CE-155BDCF28A4F}.Release|Any CPU.ActiveCfg = Release|Any CPU
		{136D74F4-E16B-42DC-80CE-155BDCF28A4F}.Release|Any CPU.Build.0 = Release|Any CPU
		{136D74F4-E16B-42DC-80CE-155BDCF28A4F}.Release|ARM.ActiveCfg = Release|Any CPU
		{136D74F4-E16B-42DC-80CE-155BDCF28A4F}.Release|iPhone.ActiveCfg = Release|Any CPU
		{136D74F4-E16B-42DC-80CE-155BDCF28A4F}.Release|iPhoneSimulator.ActiveCfg = Release|Any CPU
		{136D74F4-E16B-42DC-80CE-155BDCF28A4F}.Release|Mixed Platforms.ActiveCfg = Release|Any CPU
		{136D74F4-E16B-42DC-80CE-155BDCF28A4F}.Release|Mixed Platforms.Build.0 = Release|Any CPU
		{136D74F4-E16B-42DC-80CE-155BDCF28A4F}.Release|x86.ActiveCfg = Release|Any CPU
		{4492A8A4-97B6-4480-894A-819234C46DA0}.Ad-Hoc|Any CPU.ActiveCfg = Ad-Hoc|iPhone
		{4492A8A4-97B6-4480-894A-819234C46DA0}.Ad-Hoc|ARM.ActiveCfg = Ad-Hoc|iPhone
		{4492A8A4-97B6-4480-894A-819234C46DA0}.Ad-Hoc|iPhone.ActiveCfg = Ad-Hoc|iPhone
		{4492A8A4-97B6-4480-894A-819234C46DA0}.Ad-Hoc|iPhone.Build.0 = Ad-Hoc|iPhone
		{4492A8A4-97B6-4480-894A-819234C46DA0}.Ad-Hoc|iPhoneSimulator.ActiveCfg = Ad-Hoc|iPhoneSimulator
		{4492A8A4-97B6-4480-894A-819234C46DA0}.Ad-Hoc|iPhoneSimulator.Build.0 = Ad-Hoc|iPhoneSimulator
		{4492A8A4-97B6-4480-894A-819234C46DA0}.Ad-Hoc|Mixed Platforms.ActiveCfg = Ad-Hoc|iPhone
		{4492A8A4-97B6-4480-894A-819234C46DA0}.Ad-Hoc|Mixed Platforms.Build.0 = Ad-Hoc|iPhone
		{4492A8A4-97B6-4480-894A-819234C46DA0}.Ad-Hoc|x86.ActiveCfg = Ad-Hoc|iPhone
		{4492A8A4-97B6-4480-894A-819234C46DA0}.AppStore|Any CPU.ActiveCfg = AppStore|iPhone
		{4492A8A4-97B6-4480-894A-819234C46DA0}.AppStore|ARM.ActiveCfg = AppStore|iPhone
		{4492A8A4-97B6-4480-894A-819234C46DA0}.AppStore|iPhone.ActiveCfg = AppStore|iPhone
		{4492A8A4-97B6-4480-894A-819234C46DA0}.AppStore|iPhone.Build.0 = AppStore|iPhone
		{4492A8A4-97B6-4480-894A-819234C46DA0}.AppStore|iPhoneSimulator.ActiveCfg = AppStore|iPhoneSimulator
		{4492A8A4-97B6-4480-894A-819234C46DA0}.AppStore|iPhoneSimulator.Build.0 = AppStore|iPhoneSimulator
		{4492A8A4-97B6-4480-894A-819234C46DA0}.AppStore|Mixed Platforms.ActiveCfg = AppStore|iPhone
		{4492A8A4-97B6-4480-894A-819234C46DA0}.AppStore|Mixed Platforms.Build.0 = AppStore|iPhone
		{4492A8A4-97B6-4480-894A-819234C46DA0}.AppStore|x86.ActiveCfg = AppStore|iPhone
		{4492A8A4-97B6-4480-894A-819234C46DA0}.Debug|Any CPU.ActiveCfg = Debug|iPhone
		{4492A8A4-97B6-4480-894A-819234C46DA0}.Debug|ARM.ActiveCfg = Debug|iPhone
		{4492A8A4-97B6-4480-894A-819234C46DA0}.Debug|iPhone.ActiveCfg = Debug|iPhone
		{4492A8A4-97B6-4480-894A-819234C46DA0}.Debug|iPhone.Build.0 = Debug|iPhone
		{4492A8A4-97B6-4480-894A-819234C46DA0}.Debug|iPhoneSimulator.ActiveCfg = Debug|iPhoneSimulator
		{4492A8A4-97B6-4480-894A-819234C46DA0}.Debug|iPhoneSimulator.Build.0 = Debug|iPhoneSimulator
		{4492A8A4-97B6-4480-894A-819234C46DA0}.Debug|Mixed Platforms.ActiveCfg = Debug|iPhone
		{4492A8A4-97B6-4480-894A-819234C46DA0}.Debug|Mixed Platforms.Build.0 = Debug|iPhone
		{4492A8A4-97B6-4480-894A-819234C46DA0}.Debug|x86.ActiveCfg = Debug|iPhone
		{4492A8A4-97B6-4480-894A-819234C46DA0}.Release|Any CPU.ActiveCfg = Release|iPhone
		{4492A8A4-97B6-4480-894A-819234C46DA0}.Release|ARM.ActiveCfg = Release|iPhone
		{4492A8A4-97B6-4480-894A-819234C46DA0}.Release|iPhone.ActiveCfg = Release|iPhone
		{4492A8A4-97B6-4480-894A-819234C46DA0}.Release|iPhone.Build.0 = Release|iPhone
		{4492A8A4-97B6-4480-894A-819234C46DA0}.Release|iPhoneSimulator.ActiveCfg = Release|iPhoneSimulator
		{4492A8A4-97B6-4480-894A-819234C46DA0}.Release|iPhoneSimulator.Build.0 = Release|iPhoneSimulator
		{4492A8A4-97B6-4480-894A-819234C46DA0}.Release|Mixed Platforms.ActiveCfg = Release|iPhone
		{4492A8A4-97B6-4480-894A-819234C46DA0}.Release|Mixed Platforms.Build.0 = Release|iPhone
		{4492A8A4-97B6-4480-894A-819234C46DA0}.Release|x86.ActiveCfg = Release|iPhone
		{34A98A4D-9D1D-47F3-9901-222A3D181A35}.Ad-Hoc|Any CPU.ActiveCfg = Release|Any CPU
		{34A98A4D-9D1D-47F3-9901-222A3D181A35}.Ad-Hoc|Any CPU.Build.0 = Release|Any CPU
		{34A98A4D-9D1D-47F3-9901-222A3D181A35}.Ad-Hoc|Any CPU.Deploy.0 = Release|Any CPU
		{34A98A4D-9D1D-47F3-9901-222A3D181A35}.Ad-Hoc|ARM.ActiveCfg = Release|Any CPU
		{34A98A4D-9D1D-47F3-9901-222A3D181A35}.Ad-Hoc|iPhone.ActiveCfg = Release|Any CPU
		{34A98A4D-9D1D-47F3-9901-222A3D181A35}.Ad-Hoc|iPhoneSimulator.ActiveCfg = Release|Any CPU
		{34A98A4D-9D1D-47F3-9901-222A3D181A35}.Ad-Hoc|Mixed Platforms.ActiveCfg = Release|Any CPU
		{34A98A4D-9D1D-47F3-9901-222A3D181A35}.Ad-Hoc|Mixed Platforms.Build.0 = Release|Any CPU
		{34A98A4D-9D1D-47F3-9901-222A3D181A35}.Ad-Hoc|Mixed Platforms.Deploy.0 = Release|Any CPU
		{34A98A4D-9D1D-47F3-9901-222A3D181A35}.Ad-Hoc|x86.ActiveCfg = Release|Any CPU
		{34A98A4D-9D1D-47F3-9901-222A3D181A35}.AppStore|Any CPU.ActiveCfg = Release|Any CPU
		{34A98A4D-9D1D-47F3-9901-222A3D181A35}.AppStore|Any CPU.Build.0 = Release|Any CPU
		{34A98A4D-9D1D-47F3-9901-222A3D181A35}.AppStore|Any CPU.Deploy.0 = Release|Any CPU
		{34A98A4D-9D1D-47F3-9901-222A3D181A35}.AppStore|ARM.ActiveCfg = Release|Any CPU
		{34A98A4D-9D1D-47F3-9901-222A3D181A35}.AppStore|iPhone.ActiveCfg = Release|Any CPU
		{34A98A4D-9D1D-47F3-9901-222A3D181A35}.AppStore|iPhoneSimulator.ActiveCfg = Release|Any CPU
		{34A98A4D-9D1D-47F3-9901-222A3D181A35}.AppStore|Mixed Platforms.ActiveCfg = Release|Any CPU
		{34A98A4D-9D1D-47F3-9901-222A3D181A35}.AppStore|Mixed Platforms.Build.0 = Release|Any CPU
		{34A98A4D-9D1D-47F3-9901-222A3D181A35}.AppStore|Mixed Platforms.Deploy.0 = Release|Any CPU
		{34A98A4D-9D1D-47F3-9901-222A3D181A35}.AppStore|x86.ActiveCfg = Release|Any CPU
		{34A98A4D-9D1D-47F3-9901-222A3D181A35}.Debug|Any CPU.ActiveCfg = Debug|Any CPU
		{34A98A4D-9D1D-47F3-9901-222A3D181A35}.Debug|Any CPU.Build.0 = Debug|Any CPU
		{34A98A4D-9D1D-47F3-9901-222A3D181A35}.Debug|Any CPU.Deploy.0 = Debug|Any CPU
		{34A98A4D-9D1D-47F3-9901-222A3D181A35}.Debug|ARM.ActiveCfg = Debug|Any CPU
		{34A98A4D-9D1D-47F3-9901-222A3D181A35}.Debug|iPhone.ActiveCfg = Debug|Any CPU
		{34A98A4D-9D1D-47F3-9901-222A3D181A35}.Debug|iPhoneSimulator.ActiveCfg = Debug|Any CPU
		{34A98A4D-9D1D-47F3-9901-222A3D181A35}.Debug|Mixed Platforms.ActiveCfg = Debug|Any CPU
		{34A98A4D-9D1D-47F3-9901-222A3D181A35}.Debug|Mixed Platforms.Build.0 = Debug|Any CPU
		{34A98A4D-9D1D-47F3-9901-222A3D181A35}.Debug|Mixed Platforms.Deploy.0 = Debug|Any CPU
		{34A98A4D-9D1D-47F3-9901-222A3D181A35}.Debug|x86.ActiveCfg = Debug|Any CPU
		{34A98A4D-9D1D-47F3-9901-222A3D181A35}.Release|Any CPU.ActiveCfg = Release|Any CPU
		{34A98A4D-9D1D-47F3-9901-222A3D181A35}.Release|Any CPU.Build.0 = Release|Any CPU
		{34A98A4D-9D1D-47F3-9901-222A3D181A35}.Release|Any CPU.Deploy.0 = Release|Any CPU
		{34A98A4D-9D1D-47F3-9901-222A3D181A35}.Release|ARM.ActiveCfg = Release|Any CPU
		{34A98A4D-9D1D-47F3-9901-222A3D181A35}.Release|iPhone.ActiveCfg = Release|Any CPU
		{34A98A4D-9D1D-47F3-9901-222A3D181A35}.Release|iPhoneSimulator.ActiveCfg = Release|Any CPU
		{34A98A4D-9D1D-47F3-9901-222A3D181A35}.Release|Mixed Platforms.ActiveCfg = Release|Any CPU
		{34A98A4D-9D1D-47F3-9901-222A3D181A35}.Release|Mixed Platforms.Build.0 = Release|Any CPU
		{34A98A4D-9D1D-47F3-9901-222A3D181A35}.Release|Mixed Platforms.Deploy.0 = Release|Any CPU
		{34A98A4D-9D1D-47F3-9901-222A3D181A35}.Release|x86.ActiveCfg = Release|Any CPU
		{0069D5CB-D7F7-468A-A051-B15A8B1ECE93}.Ad-Hoc|Any CPU.ActiveCfg = Release|Any CPU
		{0069D5CB-D7F7-468A-A051-B15A8B1ECE93}.Ad-Hoc|Any CPU.Build.0 = Release|Any CPU
		{0069D5CB-D7F7-468A-A051-B15A8B1ECE93}.Ad-Hoc|Any CPU.Deploy.0 = Release|Any CPU
		{0069D5CB-D7F7-468A-A051-B15A8B1ECE93}.Ad-Hoc|ARM.ActiveCfg = Release|ARM
		{0069D5CB-D7F7-468A-A051-B15A8B1ECE93}.Ad-Hoc|ARM.Build.0 = Release|ARM
		{0069D5CB-D7F7-468A-A051-B15A8B1ECE93}.Ad-Hoc|ARM.Deploy.0 = Release|ARM
		{0069D5CB-D7F7-468A-A051-B15A8B1ECE93}.Ad-Hoc|iPhone.ActiveCfg = Release|Any CPU
		{0069D5CB-D7F7-468A-A051-B15A8B1ECE93}.Ad-Hoc|iPhoneSimulator.ActiveCfg = Release|Any CPU
		{0069D5CB-D7F7-468A-A051-B15A8B1ECE93}.Ad-Hoc|Mixed Platforms.ActiveCfg = Release|x86
		{0069D5CB-D7F7-468A-A051-B15A8B1ECE93}.Ad-Hoc|Mixed Platforms.Build.0 = Release|x86
		{0069D5CB-D7F7-468A-A051-B15A8B1ECE93}.Ad-Hoc|Mixed Platforms.Deploy.0 = Release|x86
		{0069D5CB-D7F7-468A-A051-B15A8B1ECE93}.Ad-Hoc|x86.ActiveCfg = Release|x86
		{0069D5CB-D7F7-468A-A051-B15A8B1ECE93}.Ad-Hoc|x86.Build.0 = Release|x86
		{0069D5CB-D7F7-468A-A051-B15A8B1ECE93}.Ad-Hoc|x86.Deploy.0 = Release|x86
		{0069D5CB-D7F7-468A-A051-B15A8B1ECE93}.AppStore|Any CPU.ActiveCfg = Release|Any CPU
		{0069D5CB-D7F7-468A-A051-B15A8B1ECE93}.AppStore|Any CPU.Build.0 = Release|Any CPU
		{0069D5CB-D7F7-468A-A051-B15A8B1ECE93}.AppStore|Any CPU.Deploy.0 = Release|Any CPU
		{0069D5CB-D7F7-468A-A051-B15A8B1ECE93}.AppStore|ARM.ActiveCfg = Release|ARM
		{0069D5CB-D7F7-468A-A051-B15A8B1ECE93}.AppStore|ARM.Build.0 = Release|ARM
		{0069D5CB-D7F7-468A-A051-B15A8B1ECE93}.AppStore|ARM.Deploy.0 = Release|ARM
		{0069D5CB-D7F7-468A-A051-B15A8B1ECE93}.AppStore|iPhone.ActiveCfg = Release|Any CPU
		{0069D5CB-D7F7-468A-A051-B15A8B1ECE93}.AppStore|iPhoneSimulator.ActiveCfg = Release|Any CPU
		{0069D5CB-D7F7-468A-A051-B15A8B1ECE93}.AppStore|Mixed Platforms.ActiveCfg = Release|x86
		{0069D5CB-D7F7-468A-A051-B15A8B1ECE93}.AppStore|Mixed Platforms.Build.0 = Release|x86
		{0069D5CB-D7F7-468A-A051-B15A8B1ECE93}.AppStore|Mixed Platforms.Deploy.0 = Release|x86
		{0069D5CB-D7F7-468A-A051-B15A8B1ECE93}.AppStore|x86.ActiveCfg = Release|x86
		{0069D5CB-D7F7-468A-A051-B15A8B1ECE93}.AppStore|x86.Build.0 = Release|x86
		{0069D5CB-D7F7-468A-A051-B15A8B1ECE93}.AppStore|x86.Deploy.0 = Release|x86
		{0069D5CB-D7F7-468A-A051-B15A8B1ECE93}.Debug|Any CPU.ActiveCfg = Debug|Any CPU
		{0069D5CB-D7F7-468A-A051-B15A8B1ECE93}.Debug|Any CPU.Build.0 = Debug|Any CPU
		{0069D5CB-D7F7-468A-A051-B15A8B1ECE93}.Debug|Any CPU.Deploy.0 = Debug|Any CPU
		{0069D5CB-D7F7-468A-A051-B15A8B1ECE93}.Debug|ARM.ActiveCfg = Debug|ARM
		{0069D5CB-D7F7-468A-A051-B15A8B1ECE93}.Debug|ARM.Build.0 = Debug|ARM
		{0069D5CB-D7F7-468A-A051-B15A8B1ECE93}.Debug|ARM.Deploy.0 = Debug|ARM
		{0069D5CB-D7F7-468A-A051-B15A8B1ECE93}.Debug|iPhone.ActiveCfg = Debug|Any CPU
		{0069D5CB-D7F7-468A-A051-B15A8B1ECE93}.Debug|iPhoneSimulator.ActiveCfg = Debug|Any CPU
		{0069D5CB-D7F7-468A-A051-B15A8B1ECE93}.Debug|Mixed Platforms.ActiveCfg = Debug|x86
		{0069D5CB-D7F7-468A-A051-B15A8B1ECE93}.Debug|Mixed Platforms.Build.0 = Debug|x86
		{0069D5CB-D7F7-468A-A051-B15A8B1ECE93}.Debug|Mixed Platforms.Deploy.0 = Debug|x86
		{0069D5CB-D7F7-468A-A051-B15A8B1ECE93}.Debug|x86.ActiveCfg = Debug|x86
		{0069D5CB-D7F7-468A-A051-B15A8B1ECE93}.Debug|x86.Build.0 = Debug|x86
		{0069D5CB-D7F7-468A-A051-B15A8B1ECE93}.Debug|x86.Deploy.0 = Debug|x86
		{0069D5CB-D7F7-468A-A051-B15A8B1ECE93}.Release|Any CPU.ActiveCfg = Release|Any CPU
		{0069D5CB-D7F7-468A-A051-B15A8B1ECE93}.Release|Any CPU.Build.0 = Release|Any CPU
		{0069D5CB-D7F7-468A-A051-B15A8B1ECE93}.Release|Any CPU.Deploy.0 = Release|Any CPU
		{0069D5CB-D7F7-468A-A051-B15A8B1ECE93}.Release|ARM.ActiveCfg = Release|ARM
		{0069D5CB-D7F7-468A-A051-B15A8B1ECE93}.Release|ARM.Build.0 = Release|ARM
		{0069D5CB-D7F7-468A-A051-B15A8B1ECE93}.Release|ARM.Deploy.0 = Release|ARM
		{0069D5CB-D7F7-468A-A051-B15A8B1ECE93}.Release|iPhone.ActiveCfg = Release|Any CPU
		{0069D5CB-D7F7-468A-A051-B15A8B1ECE93}.Release|iPhoneSimulator.ActiveCfg = Release|Any CPU
		{0069D5CB-D7F7-468A-A051-B15A8B1ECE93}.Release|Mixed Platforms.ActiveCfg = Release|x86
		{0069D5CB-D7F7-468A-A051-B15A8B1ECE93}.Release|Mixed Platforms.Build.0 = Release|x86
		{0069D5CB-D7F7-468A-A051-B15A8B1ECE93}.Release|Mixed Platforms.Deploy.0 = Release|x86
		{0069D5CB-D7F7-468A-A051-B15A8B1ECE93}.Release|x86.ActiveCfg = Release|x86
		{0069D5CB-D7F7-468A-A051-B15A8B1ECE93}.Release|x86.Build.0 = Release|x86
		{0069D5CB-D7F7-468A-A051-B15A8B1ECE93}.Release|x86.Deploy.0 = Release|x86
	EndGlobalSection
	GlobalSection(SolutionProperties) = preSolution
		HideSolutionNode = FALSE
	EndGlobalSection
EndGlobal
